
Microsoft Visual Studio Solution File, Format Version 12.00
# Visual Studio Version 17
VisualStudioVersion = 17.10.35122.118
MinimumVisualStudioVersion = 10.0.40219.1
Project("{FAE04EC0-301F-11D3-BF4B-00C04F79EFBC}") = "Phase1-1-SimpleCalculator", "Phase1-1-SimpleCalculator\Phase1-1-SimpleCalculator.csproj", "{C010EFF6-4DB8-4987-AE93-857A99CBD5DF}"
EndProject
Project("{FAE04EC0-301F-11D3-BF4B-00C04F79EFBC}") = "Phase1-0-BossBattle", "Phase1-0-BossBattle\Phase1-0-BossBattle.csproj", "{1C403CBB-F2A6-44B2-AE81-D29AC609937F}"
EndProject
Project("{FAE04EC0-301F-11D3-BF4B-00C04F79EFBC}") = "Phase1-2-TheFivePrototypes", "Phase1-2-TheFivePrototypes\Phase1-2-TheFivePrototypes.csproj", "{4EA41803-0771-405C-A563-AC976D11DD8E}"
EndProject
Project("{FAE04EC0-301F-11D3-BF4B-00C04F79EFBC}") = "Phase1-3-TicTacToe", "Phase1-3-TicTacToe\Phase1-3-TicTacToe.csproj", "{2F8964E3-0DB9-4FD7-B6EE-48AF2D1DC6CF}"
EndProject
Project("{FAE04EC0-301F-11D3-BF4B-00C04F79EFBC}") = "Phase1-4-Inheritance", "Phase1-4-Inheritance\Phase1-4-Inheritance.csproj", "{EB78F712-999E-4C4D-8182-37E2997BFA36}"
EndProject
Project("{FAE04EC0-301F-11D3-BF4B-00C04F79EFBC}") = "Phase1-5-Polymorphism", "Phase1-5-Polymorphism\Phase1-5-Polymorphism.csproj", "{01C7D458-1F49-4861-9887-E17ECDD31F21}"
EndProject
Project("{FAE04EC0-301F-11D3-BF4B-00C04F79EFBC}") = "Phase1-6-Interfaces", "Phase1-6-Interfaces\Phase1-6-Interfaces.csproj", "{A0047A1E-E6EF-4D00-9A67-6ECEC9A9F004}"
EndProject
Project("{FAE04EC0-301F-11D3-BF4B-00C04F79EFBC}") = "Phase1-7-Records", "Phase1-7-Records\Phase1-7-Records.csproj", "{60A3CE0E-A146-44C9-8E5A-657861941280}"
EndProject
Global
	GlobalSection(SolutionConfigurationPlatforms) = preSolution
		Debug|Any CPU = Debug|Any CPU
		Release|Any CPU = Release|Any CPU
	EndGlobalSection
	GlobalSection(ProjectConfigurationPlatforms) = postSolution
		{C010EFF6-4DB8-4987-AE93-857A99CBD5DF}.Debug|Any CPU.ActiveCfg = Debug|Any CPU
		{C010EFF6-4DB8-4987-AE93-857A99CBD5DF}.Debug|Any CPU.Build.0 = Debug|Any CPU
		{C010EFF6-4DB8-4987-AE93-857A99CBD5DF}.Release|Any CPU.ActiveCfg = Release|Any CPU
		{C010EFF6-4DB8-4987-AE93-857A99CBD5DF}.Release|Any CPU.Build.0 = Release|Any CPU
		{1C403CBB-F2A6-44B2-AE81-D29AC609937F}.Debug|Any CPU.ActiveCfg = Debug|Any CPU
		{1C403CBB-F2A6-44B2-AE81-D29AC609937F}.Debug|Any CPU.Build.0 = Debug|Any CPU
		{1C403CBB-F2A6-44B2-AE81-D29AC609937F}.Release|Any CPU.ActiveCfg = Release|Any CPU
		{1C403CBB-F2A6-44B2-AE81-D29AC609937F}.Release|Any CPU.Build.0 = Release|Any CPU
		{4EA41803-0771-405C-A563-AC976D11DD8E}.Debug|Any CPU.ActiveCfg = Debug|Any CPU
		{4EA41803-0771-405C-A563-AC976D11DD8E}.Debug|Any CPU.Build.0 = Debug|Any CPU
		{4EA41803-0771-405C-A563-AC976D11DD8E}.Release|Any CPU.ActiveCfg = Release|Any CPU
		{4EA41803-0771-405C-A563-AC976D11DD8E}.Release|Any CPU.Build.0 = Release|Any CPU
		{2F8964E3-0DB9-4FD7-B6EE-48AF2D1DC6CF}.Debug|Any CPU.ActiveCfg = Debug|Any CPU
		{2F8964E3-0DB9-4FD7-B6EE-48AF2D1DC6CF}.Debug|Any CPU.Build.0 = Debug|Any CPU
		{2F8964E3-0DB9-4FD7-B6EE-48AF2D1DC6CF}.Release|Any CPU.ActiveCfg = Release|Any CPU
		{2F8964E3-0DB9-4FD7-B6EE-48AF2D1DC6CF}.Release|Any CPU.Build.0 = Release|Any CPU
		{EB78F712-999E-4C4D-8182-37E2997BFA36}.Debug|Any CPU.ActiveCfg = Debug|Any CPU
		{EB78F712-999E-4C4D-8182-37E2997BFA36}.Debug|Any CPU.Build.0 = Debug|Any CPU
		{EB78F712-999E-4C4D-8182-37E2997BFA36}.Release|Any CPU.ActiveCfg = Release|Any CPU
		{EB78F712-999E-4C4D-8182-37E2997BFA36}.Release|Any CPU.Build.0 = Release|Any CPU
		{01C7D458-1F49-4861-9887-E17ECDD31F21}.Debug|Any CPU.ActiveCfg = Debug|Any CPU
		{01C7D458-1F49-4861-9887-E17ECDD31F21}.Debug|Any CPU.Build.0 = Debug|Any CPU
		{01C7D458-1F49-4861-9887-E17ECDD31F21}.Release|Any CPU.ActiveCfg = Release|Any CPU
		{01C7D458-1F49-4861-9887-E17ECDD31F21}.Release|Any CPU.Build.0 = Release|Any CPU
		{A0047A1E-E6EF-4D00-9A67-6ECEC9A9F004}.Debug|Any CPU.ActiveCfg = Debug|Any CPU
		{A0047A1E-E6EF-4D00-9A67-6ECEC9A9F004}.Debug|Any CPU.Build.0 = Debug|Any CPU
		{A0047A1E-E6EF-4D00-9A67-6ECEC9A9F004}.Release|Any CPU.ActiveCfg = Release|Any CPU
		{A0047A1E-E6EF-4D00-9A67-6ECEC9A9F004}.Release|Any CPU.Build.0 = Release|Any CPU
		{60A3CE0E-A146-44C9-8E5A-657861941280}.Debug|Any CPU.ActiveCfg = Debug|Any CPU
		{60A3CE0E-A146-44C9-8E5A-657861941280}.Debug|Any CPU.Build.0 = Debug|Any CPU
		{60A3CE0E-A146-44C9-8E5A-657861941280}.Release|Any CPU.ActiveCfg = Release|Any CPU
		{60A3CE0E-A146-44C9-8E5A-657861941280}.Release|Any CPU.Build.0 = Release|Any CPU
	EndGlobalSection
	GlobalSection(SolutionProperties) = preSolution
		HideSolutionNode = FALSE
	EndGlobalSection
	GlobalSection(ExtensibilityGlobals) = postSolution
		SolutionGuid = {EE2E8768-0E03-4946-A1AA-741245149D34}
	EndGlobalSection
EndGlobal
